
Microsoft Visual Studio Solution File, Format Version 12.00
# Visual Studio Version 16
VisualStudioVersion = 16.0.29728.190
MinimumVisualStudioVersion = 10.0.40219.1
Project("{FAE04EC0-301F-11D3-BF4B-00C04F79EFBC}") = "CarWebsite", "CarWebsite\CarWebsite.csproj", "{5B49BD0D-9834-4C3D-B873-8BEA8E973397}"
EndProject
Global
	GlobalSection(SolutionConfigurationPlatforms) = preSolution
		Debug|Any CPU = Debug|Any CPU
		Release|Any CPU = Release|Any CPU
	EndGlobalSection
	GlobalSection(ProjectConfigurationPlatforms) = postSolution
		{5B49BD0D-9834-4C3D-B873-8BEA8E973397}.Debug|Any CPU.ActiveCfg = Debug|Any CPU
		{5B49BD0D-9834-4C3D-B873-8BEA8E973397}.Debug|Any CPU.Build.0 = Debug|Any CPU
		{5B49BD0D-9834-4C3D-B873-8BEA8E973397}.Release|Any CPU.ActiveCfg = Release|Any CPU
		{5B49BD0D-9834-4C3D-B873-8BEA8E973397}.Release|Any CPU.Build.0 = Release|Any CPU
	EndGlobalSection
	GlobalSection(SolutionProperties) = preSolution
		HideSolutionNode = FALSE
	EndGlobalSection
	GlobalSection(ExtensibilityGlobals) = postSolution
		SolutionGuid = {606DA730-B022-4C7A-984B-EEB5EE1155EE}
	EndGlobalSection
EndGlobal
